// !$*UTF8*$!
{
	archiveVersion = 1;
	classes = {
	};
	objectVersion = 50;
	objects = {

/* Begin PBXBuildFile section */
		52D8A66226450B9400E65B64 /* AppDelegate.swift in Sources */ = {isa = PBXBuildFile; fileRef = 52D8A66126450B9400E65B64 /* AppDelegate.swift */; };
		52D8A66426450B9400E65B64 /* ViewController.swift in Sources */ = {isa = PBXBuildFile; fileRef = 52D8A66326450B9400E65B64 /* ViewController.swift */; };
		52D8A66626450B9500E65B64 /* Assets.xcassets in Resources */ = {isa = PBXBuildFile; fileRef = 52D8A66526450B9500E65B64 /* Assets.xcassets */; };
		52D8A66926450B9500E65B64 /* Main.storyboard in Resources */ = {isa = PBXBuildFile; fileRef = 52D8A66726450B9500E65B64 /* Main.storyboard */; };
		52D8A67526450B9500E65B64 /* MusicNotifierTests.swift in Sources */ = {isa = PBXBuildFile; fileRef = 52D8A67426450B9500E65B64 /* MusicNotifierTests.swift */; };
		52D8A68026450B9500E65B64 /* MusicNotifierUITests.swift in Sources */ = {isa = PBXBuildFile; fileRef = 52D8A67F26450B9500E65B64 /* MusicNotifierUITests.swift */; };
/* End PBXBuildFile section */

/* Begin PBXContainerItemProxy section */
		52D8A67126450B9500E65B64 /* PBXContainerItemProxy */ = {
			isa = PBXContainerItemProxy;
			containerPortal = 52D8A65626450B9400E65B64 /* Project object */;
			proxyType = 1;
			remoteGlobalIDString = 52D8A65D26450B9400E65B64;
			remoteInfo = MusicNotifier;
		};
		52D8A67C26450B9500E65B64 /* PBXContainerItemProxy */ = {
			isa = PBXContainerItemProxy;
			containerPortal = 52D8A65626450B9400E65B64 /* Project object */;
			proxyType = 1;
			remoteGlobalIDString = 52D8A65D26450B9400E65B64;
			remoteInfo = MusicNotifier;
		};
/* End PBXContainerItemProxy section */

/* Begin PBXFileReference section */
		52D8A65E26450B9400E65B64 /* MusicNotifier.app */ = {isa = PBXFileReference; explicitFileType = wrapper.application; includeInIndex = 0; path = MusicNotifier.app; sourceTree = BUILT_PRODUCTS_DIR; };
		52D8A66126450B9400E65B64 /* AppDelegate.swift */ = {isa = PBXFileReference; lastKnownFileType = sourcecode.swift; path = AppDelegate.swift; sourceTree = "<group>"; };
		52D8A66326450B9400E65B64 /* ViewController.swift */ = {isa = PBXFileReference; lastKnownFileType = sourcecode.swift; path = ViewController.swift; sourceTree = "<group>"; };
		52D8A66526450B9500E65B64 /* Assets.xcassets */ = {isa = PBXFileReference; lastKnownFileType = folder.assetcatalog; path = Assets.xcassets; sourceTree = "<group>"; };
		52D8A66826450B9500E65B64 /* Base */ = {isa = PBXFileReference; lastKnownFileType = file.storyboard; name = Base; path = Base.lproj/Main.storyboard; sourceTree = "<group>"; };
		52D8A66A26450B9500E65B64 /* Info.plist */ = {isa = PBXFileReference; lastKnownFileType = text.plist.xml; path = Info.plist; sourceTree = "<group>"; };
		52D8A66B26450B9500E65B64 /* MusicNotifier.entitlements */ = {isa = PBXFileReference; lastKnownFileType = text.plist.entitlements; path = MusicNotifier.entitlements; sourceTree = "<group>"; };
		52D8A67026450B9500E65B64 /* MusicNotifierTests.xctest */ = {isa = PBXFileReference; explicitFileType = wrapper.cfbundle; includeInIndex = 0; path = MusicNotifierTests.xctest; sourceTree = BUILT_PRODUCTS_DIR; };
		52D8A67426450B9500E65B64 /* MusicNotifierTests.swift */ = {isa = PBXFileReference; lastKnownFileType = sourcecode.swift; path = MusicNotifierTests.swift; sourceTree = "<group>"; };
		52D8A67626450B9500E65B64 /* Info.plist */ = {isa = PBXFileReference; lastKnownFileType = text.plist.xml; path = Info.plist; sourceTree = "<group>"; };
		52D8A67B26450B9500E65B64 /* MusicNotifierUITests.xctest */ = {isa = PBXFileReference; explicitFileType = wrapper.cfbundle; includeInIndex = 0; path = MusicNotifierUITests.xctest; sourceTree = BUILT_PRODUCTS_DIR; };
		52D8A67F26450B9500E65B64 /* MusicNotifierUITests.swift */ = {isa = PBXFileReference; lastKnownFileType = sourcecode.swift; path = MusicNotifierUITests.swift; sourceTree = "<group>"; };
		52D8A68126450B9500E65B64 /* Info.plist */ = {isa = PBXFileReference; lastKnownFileType = text.plist.xml; path = Info.plist; sourceTree = "<group>"; };
/* End PBXFileReference section */

/* Begin PBXFrameworksBuildPhase section */
		52D8A65B26450B9400E65B64 /* Frameworks */ = {
			isa = PBXFrameworksBuildPhase;
			buildActionMask = 2147483647;
			files = (
			);
			runOnlyForDeploymentPostprocessing = 0;
		};
		52D8A66D26450B9500E65B64 /* Frameworks */ = {
			isa = PBXFrameworksBuildPhase;
			buildActionMask = 2147483647;
			files = (
			);
			runOnlyForDeploymentPostprocessing = 0;
		};
		52D8A67826450B9500E65B64 /* Frameworks */ = {
			isa = PBXFrameworksBuildPhase;
			buildActionMask = 2147483647;
			files = (
			);
			runOnlyForDeploymentPostprocessing = 0;
		};
/* End PBXFrameworksBuildPhase section */

/* Begin PBXGroup section */
		52D8A65526450B9400E65B64 = {
			isa = PBXGroup;
			children = (
				52D8A66026450B9400E65B64 /* MusicNotifier */,
				52D8A67326450B9500E65B64 /* MusicNotifierTests */,
				52D8A67E26450B9500E65B64 /* MusicNotifierUITests */,
				52D8A65F26450B9400E65B64 /* Products */,
			);
			sourceTree = "<group>";
		};
		52D8A65F26450B9400E65B64 /* Products */ = {
			isa = PBXGroup;
			children = (
				52D8A65E26450B9400E65B64 /* MusicNotifier.app */,
				52D8A67026450B9500E65B64 /* MusicNotifierTests.xctest */,
				52D8A67B26450B9500E65B64 /* MusicNotifierUITests.xctest */,
			);
			name = Products;
			sourceTree = "<group>";
		};
		52D8A66026450B9400E65B64 /* MusicNotifier */ = {
			isa = PBXGroup;
			children = (
				52D8A66126450B9400E65B64 /* AppDelegate.swift */,
				52D8A66326450B9400E65B64 /* ViewController.swift */,
				52D8A66526450B9500E65B64 /* Assets.xcassets */,
				52D8A66726450B9500E65B64 /* Main.storyboard */,
				52D8A66A26450B9500E65B64 /* Info.plist */,
				52D8A66B26450B9500E65B64 /* MusicNotifier.entitlements */,
			);
			path = MusicNotifier;
			sourceTree = "<group>";
		};
		52D8A67326450B9500E65B64 /* MusicNotifierTests */ = {
			isa = PBXGroup;
			children = (
				52D8A67426450B9500E65B64 /* MusicNotifierTests.swift */,
				52D8A67626450B9500E65B64 /* Info.plist */,
			);
			path = MusicNotifierTests;
			sourceTree = "<group>";
		};
		52D8A67E26450B9500E65B64 /* MusicNotifierUITests */ = {
			isa = PBXGroup;
			children = (
				52D8A67F26450B9500E65B64 /* MusicNotifierUITests.swift */,
				52D8A68126450B9500E65B64 /* Info.plist */,
			);
			path = MusicNotifierUITests;
			sourceTree = "<group>";
		};
/* End PBXGroup section */

/* Begin PBXNativeTarget section */
		52D8A65D26450B9400E65B64 /* MusicNotifier */ = {
			isa = PBXNativeTarget;
			buildConfigurationList = 52D8A68426450B9500E65B64 /* Build configuration list for PBXNativeTarget "MusicNotifier" */;
			buildPhases = (
				52D8A65A26450B9400E65B64 /* Sources */,
				52D8A65B26450B9400E65B64 /* Frameworks */,
				52D8A65C26450B9400E65B64 /* Resources */,
			);
			buildRules = (
			);
			dependencies = (
			);
			name = MusicNotifier;
			productName = MusicNotifier;
			productReference = 52D8A65E26450B9400E65B64 /* MusicNotifier.app */;
			productType = "com.apple.product-type.application";
		};
		52D8A66F26450B9500E65B64 /* MusicNotifierTests */ = {
			isa = PBXNativeTarget;
			buildConfigurationList = 52D8A68726450B9500E65B64 /* Build configuration list for PBXNativeTarget "MusicNotifierTests" */;
			buildPhases = (
				52D8A66C26450B9500E65B64 /* Sources */,
				52D8A66D26450B9500E65B64 /* Frameworks */,
				52D8A66E26450B9500E65B64 /* Resources */,
			);
			buildRules = (
			);
			dependencies = (
				52D8A67226450B9500E65B64 /* PBXTargetDependency */,
			);
			name = MusicNotifierTests;
			productName = MusicNotifierTests;
			productReference = 52D8A67026450B9500E65B64 /* MusicNotifierTests.xctest */;
			productType = "com.apple.product-type.bundle.unit-test";
		};
		52D8A67A26450B9500E65B64 /* MusicNotifierUITests */ = {
			isa = PBXNativeTarget;
			buildConfigurationList = 52D8A68A26450B9500E65B64 /* Build configuration list for PBXNativeTarget "MusicNotifierUITests" */;
			buildPhases = (
				52D8A67726450B9500E65B64 /* Sources */,
				52D8A67826450B9500E65B64 /* Frameworks */,
				52D8A67926450B9500E65B64 /* Resources */,
			);
			buildRules = (
			);
			dependencies = (
				52D8A67D26450B9500E65B64 /* PBXTargetDependency */,
			);
			name = MusicNotifierUITests;
			productName = MusicNotifierUITests;
			productReference = 52D8A67B26450B9500E65B64 /* MusicNotifierUITests.xctest */;
			productType = "com.apple.product-type.bundle.ui-testing";
		};
/* End PBXNativeTarget section */

/* Begin PBXProject section */
		52D8A65626450B9400E65B64 /* Project object */ = {
			isa = PBXProject;
			attributes = {
				LastSwiftUpdateCheck = 1240;
				LastUpgradeCheck = 1240;
				TargetAttributes = {
					52D8A65D26450B9400E65B64 = {
						CreatedOnToolsVersion = 12.4;
					};
					52D8A66F26450B9500E65B64 = {
						CreatedOnToolsVersion = 12.4;
						TestTargetID = 52D8A65D26450B9400E65B64;
					};
					52D8A67A26450B9500E65B64 = {
						CreatedOnToolsVersion = 12.4;
						TestTargetID = 52D8A65D26450B9400E65B64;
					};
				};
			};
			buildConfigurationList = 52D8A65926450B9400E65B64 /* Build configuration list for PBXProject "MusicNotifier" */;
			compatibilityVersion = "Xcode 9.3";
			developmentRegion = en;
			hasScannedForEncodings = 0;
			knownRegions = (
				en,
				Base,
			);
			mainGroup = 52D8A65526450B9400E65B64;
			productRefGroup = 52D8A65F26450B9400E65B64 /* Products */;
			projectDirPath = "";
			projectRoot = "";
			targets = (
				52D8A65D26450B9400E65B64 /* MusicNotifier */,
				52D8A66F26450B9500E65B64 /* MusicNotifierTests */,
				52D8A67A26450B9500E65B64 /* MusicNotifierUITests */,
			);
		};
/* End PBXProject section */

/* Begin PBXResourcesBuildPhase section */
		52D8A65C26450B9400E65B64 /* Resources */ = {
			isa = PBXResourcesBuildPhase;
			buildActionMask = 2147483647;
			files = (
				52D8A66626450B9500E65B64 /* Assets.xcassets in Resources */,
				52D8A66926450B9500E65B64 /* Main.storyboard in Resources */,
			);
			runOnlyForDeploymentPostprocessing = 0;
		};
		52D8A66E26450B9500E65B64 /* Resources */ = {
			isa = PBXResourcesBuildPhase;
			buildActionMask = 2147483647;
			files = (
			);
			runOnlyForDeploymentPostprocessing = 0;
		};
		52D8A67926450B9500E65B64 /* Resources */ = {
			isa = PBXResourcesBuildPhase;
			buildActionMask = 2147483647;
			files = (
			);
			runOnlyForDeploymentPostprocessing = 0;
		};
/* End PBXResourcesBuildPhase section */

/* Begin PBXSourcesBuildPhase section */
		52D8A65A26450B9400E65B64 /* Sources */ = {
			isa = PBXSourcesBuildPhase;
			buildActionMask = 2147483647;
			files = (
				52D8A66426450B9400E65B64 /* ViewController.swift in Sources */,
				52D8A66226450B9400E65B64 /* AppDelegate.swift in Sources */,
			);
			runOnlyForDeploymentPostprocessing = 0;
		};
		52D8A66C26450B9500E65B64 /* Sources */ = {
			isa = PBXSourcesBuildPhase;
			buildActionMask = 2147483647;
			files = (
				52D8A67526450B9500E65B64 /* MusicNotifierTests.swift in Sources */,
			);
			runOnlyForDeploymentPostprocessing = 0;
		};
		52D8A67726450B9500E65B64 /* Sources */ = {
			isa = PBXSourcesBuildPhase;
			buildActionMask = 2147483647;
			files = (
				52D8A68026450B9500E65B64 /* MusicNotifierUITests.swift in Sources */,
			);
			runOnlyForDeploymentPostprocessing = 0;
		};
/* End PBXSourcesBuildPhase section */

/* Begin PBXTargetDependency section */
		52D8A67226450B9500E65B64 /* PBXTargetDependency */ = {
			isa = PBXTargetDependency;
			target = 52D8A65D26450B9400E65B64 /* MusicNotifier */;
			targetProxy = 52D8A67126450B9500E65B64 /* PBXContainerItemProxy */;
		};
		52D8A67D26450B9500E65B64 /* PBXTargetDependency */ = {
			isa = PBXTargetDependency;
			target = 52D8A65D26450B9400E65B64 /* MusicNotifier */;
			targetProxy = 52D8A67C26450B9500E65B64 /* PBXContainerItemProxy */;
		};
/* End PBXTargetDependency section */

/* Begin PBXVariantGroup section */
		52D8A66726450B9500E65B64 /* Main.storyboard */ = {
			isa = PBXVariantGroup;
			children = (
				52D8A66826450B9500E65B64 /* Base */,
			);
			name = Main.storyboard;
			sourceTree = "<group>";
		};
/* End PBXVariantGroup section */

/* Begin XCBuildConfiguration section */
		52D8A68226450B9500E65B64 /* Debug */ = {
			isa = XCBuildConfiguration;
			buildSettings = {
				ALWAYS_SEARCH_USER_PATHS = NO;
				CLANG_ANALYZER_NONNULL = YES;
				CLANG_ANALYZER_NUMBER_OBJECT_CONVERSION = YES_AGGRESSIVE;
				CLANG_CXX_LANGUAGE_STANDARD = "gnu++14";
				CLANG_CXX_LIBRARY = "libc++";
				CLANG_ENABLE_MODULES = YES;
				CLANG_ENABLE_OBJC_ARC = YES;
				CLANG_ENABLE_OBJC_WEAK = YES;
				CLANG_WARN_BLOCK_CAPTURE_AUTORELEASING = YES;
				CLANG_WARN_BOOL_CONVERSION = YES;
				CLANG_WARN_COMMA = YES;
				CLANG_WARN_CONSTANT_CONVERSION = YES;
				CLANG_WARN_DEPRECATED_OBJC_IMPLEMENTATIONS = YES;
				CLANG_WARN_DIRECT_OBJC_ISA_USAGE = YES_ERROR;
				CLANG_WARN_DOCUMENTATION_COMMENTS = YES;
				CLANG_WARN_EMPTY_BODY = YES;
				CLANG_WARN_ENUM_CONVERSION = YES;
				CLANG_WARN_INFINITE_RECURSION = YES;
				CLANG_WARN_INT_CONVERSION = YES;
				CLANG_WARN_NON_LITERAL_NULL_CONVERSION = YES;
				CLANG_WARN_OBJC_IMPLICIT_RETAIN_SELF = YES;
				CLANG_WARN_OBJC_LITERAL_CONVERSION = YES;
				CLANG_WARN_OBJC_ROOT_CLASS = YES_ERROR;
				CLANG_WARN_QUOTED_INCLUDE_IN_FRAMEWORK_HEADER = YES;
				CLANG_WARN_RANGE_LOOP_ANALYSIS = YES;
				CLANG_WARN_STRICT_PROTOTYPES = YES;
				CLANG_WARN_SUSPICIOUS_MOVE = YES;
				CLANG_WARN_UNGUARDED_AVAILABILITY = YES_AGGRESSIVE;
				CLANG_WARN_UNREACHABLE_CODE = YES;
				CLANG_WARN__DUPLICATE_METHOD_MATCH = YES;
				COPY_PHASE_STRIP = NO;
				DEBUG_INFORMATION_FORMAT = dwarf;
				ENABLE_STRICT_OBJC_MSGSEND = YES;
				ENABLE_TESTABILITY = YES;
				GCC_C_LANGUAGE_STANDARD = gnu11;
				GCC_DYNAMIC_NO_PIC = NO;
				GCC_NO_COMMON_BLOCKS = YES;
				GCC_OPTIMIZATION_LEVEL = 0;
				GCC_PREPROCESSOR_DEFINITIONS = (
					"DEBUG=1",
					"$(inherited)",
				);
				GCC_WARN_64_TO_32_BIT_CONVERSION = YES;
				GCC_WARN_ABOUT_RETURN_TYPE = YES_ERROR;
				GCC_WARN_UNDECLARED_SELECTOR = YES;
				GCC_WARN_UNINITIALIZED_AUTOS = YES_AGGRESSIVE;
				GCC_WARN_UNUSED_FUNCTION = YES;
				GCC_WARN_UNUSED_VARIABLE = YES;
				MACOSX_DEPLOYMENT_TARGET = 11.1;
				MTL_ENABLE_DEBUG_INFO = INCLUDE_SOURCE;
				MTL_FAST_MATH = YES;
				ONLY_ACTIVE_ARCH = YES;
				SDKROOT = macosx;
				SWIFT_ACTIVE_COMPILATION_CONDITIONS = DEBUG;
				SWIFT_OPTIMIZATION_LEVEL = "-Onone";
			};
			name = Debug;
		};
		52D8A68326450B9500E65B64 /* Release */ = {
			isa = XCBuildConfiguration;
			buildSettings = {
				ALWAYS_SEARCH_USER_PATHS = NO;
				CLANG_ANALYZER_NONNULL = YES;
				CLANG_ANALYZER_NUMBER_OBJECT_CONVERSION = YES_AGGRESSIVE;
				CLANG_CXX_LANGUAGE_STANDARD = "gnu++14";
				CLANG_CXX_LIBRARY = "libc++";
				CLANG_ENABLE_MODULES = YES;
				CLANG_ENABLE_OBJC_ARC = YES;
				CLANG_ENABLE_OBJC_WEAK = YES;
				CLANG_WARN_BLOCK_CAPTURE_AUTORELEASING = YES;
				CLANG_WARN_BOOL_CONVERSION = YES;
				CLANG_WARN_COMMA = YES;
				CLANG_WARN_CONSTANT_CONVERSION = YES;
				CLANG_WARN_DEPRECATED_OBJC_IMPLEMENTATIONS = YES;
				CLANG_WARN_DIRECT_OBJC_ISA_USAGE = YES_ERROR;
				CLANG_WARN_DOCUMENTATION_COMMENTS = YES;
				CLANG_WARN_EMPTY_BODY = YES;
				CLANG_WARN_ENUM_CONVERSION = YES;
				CLANG_WARN_INFINITE_RECURSION = YES;
				CLANG_WARN_INT_CONVERSION = YES;
				CLANG_WARN_NON_LITERAL_NULL_CONVERSION = YES;
				CLANG_WARN_OBJC_IMPLICIT_RETAIN_SELF = YES;
				CLANG_WARN_OBJC_LITERAL_CONVERSION = YES;
				CLANG_WARN_OBJC_ROOT_CLASS = YES_ERROR;
				CLANG_WARN_QUOTED_INCLUDE_IN_FRAMEWORK_HEADER = YES;
				CLANG_WARN_RANGE_LOOP_ANALYSIS = YES;
				CLANG_WARN_STRICT_PROTOTYPES = YES;
				CLANG_WARN_SUSPICIOUS_MOVE = YES;
				CLANG_WARN_UNGUARDED_AVAILABILITY = YES_AGGRESSIVE;
				CLANG_WARN_UNREACHABLE_CODE = YES;
				CLANG_WARN__DUPLICATE_METHOD_MATCH = YES;
				COPY_PHASE_STRIP = NO;
				DEBUG_INFORMATION_FORMAT = "dwarf-with-dsym";
				ENABLE_NS_ASSERTIONS = NO;
				ENABLE_STRICT_OBJC_MSGSEND = YES;
				GCC_C_LANGUAGE_STANDARD = gnu11;
				GCC_NO_COMMON_BLOCKS = YES;
				GCC_WARN_64_TO_32_BIT_CONVERSION = YES;
				GCC_WARN_ABOUT_RETURN_TYPE = YES_ERROR;
				GCC_WARN_UNDECLARED_SELECTOR = YES;
				GCC_WARN_UNINITIALIZED_AUTOS = YES_AGGRESSIVE;
				GCC_WARN_UNUSED_FUNCTION = YES;
				GCC_WARN_UNUSED_VARIABLE = YES;
				MACOSX_DEPLOYMENT_TARGET = 11.1;
				MTL_ENABLE_DEBUG_INFO = NO;
				MTL_FAST_MATH = YES;
				SDKROOT = macosx;
				SWIFT_COMPILATION_MODE = wholemodule;
				SWIFT_OPTIMIZATION_LEVEL = "-O";
			};
			name = Release;
		};
		52D8A68526450B9500E65B64 /* Debug */ = {
			isa = XCBuildConfiguration;
			buildSettings = {
				ASSETCATALOG_COMPILER_APPICON_NAME = AppIcon;
				ASSETCATALOG_COMPILER_GLOBAL_ACCENT_COLOR_NAME = AccentColor;
				CODE_SIGN_ENTITLEMENTS = MusicNotifier/MusicNotifier.entitlements;
				CODE_SIGN_STYLE = Automatic;
				COMBINE_HIDPI_IMAGES = YES;
				DEVELOPMENT_TEAM = UVXX33WP85;
				ENABLE_HARDENED_RUNTIME = YES;
				INFOPLIST_FILE = MusicNotifier/Info.plist;
				LD_RUNPATH_SEARCH_PATHS = (
					"$(inherited)",
					"@executable_path/../Frameworks",
				);
				PRODUCT_BUNDLE_IDENTIFIER = com.bruce32.MusicNotifier;
				PRODUCT_NAME = "$(TARGET_NAME)";
				SWIFT_VERSION = 5.0;
			};
			name = Debug;
		};
		52D8A68626450B9500E65B64 /* Release */ = {
			isa = XCBuildConfiguration;
			buildSettings = {
				ASSETCATALOG_COMPILER_APPICON_NAME = AppIcon;
				ASSETCATALOG_COMPILER_GLOBAL_ACCENT_COLOR_NAME = AccentColor;
				CODE_SIGN_ENTITLEMENTS = MusicNotifier/MusicNotifier.entitlements;
				CODE_SIGN_STYLE = Automatic;
				COMBINE_HIDPI_IMAGES = YES;
				DEVELOPMENT_TEAM = UVXX33WP85;
				ENABLE_HARDENED_RUNTIME = YES;
				INFOPLIST_FILE = MusicNotifier/Info.plist;
				LD_RUNPATH_SEARCH_PATHS = (
					"$(inherited)",
					"@executable_path/../Frameworks",
				);
				PRODUCT_BUNDLE_IDENTIFIER = com.bruce32.MusicNotifier;
				PRODUCT_NAME = "$(TARGET_NAME)";
				SWIFT_VERSION = 5.0;
			};
			name = Release;
		};
		52D8A68826450B9500E65B64 /* Debug */ = {
			isa = XCBuildConfiguration;
			buildSettings = {
				ALWAYS_EMBED_SWIFT_STANDARD_LIBRARIES = YES;
				BUNDLE_LOADER = "$(TEST_HOST)";
				CODE_SIGN_STYLE = Automatic;
				COMBINE_HIDPI_IMAGES = YES;
				DEVELOPMENT_TEAM = UVXX33WP85;
				INFOPLIST_FILE = MusicNotifierTests/Info.plist;
				LD_RUNPATH_SEARCH_PATHS = (
					"$(inherited)",
					"@executable_path/../Frameworks",
					"@loader_path/../Frameworks",
				);
				MACOSX_DEPLOYMENT_TARGET = 11.1;
				PRODUCT_BUNDLE_IDENTIFIER = com.bruce32.MusicNotifierTests;
				PRODUCT_NAME = "$(TARGET_NAME)";
				SWIFT_VERSION = 5.0;
				TEST_HOST = "$(BUILT_PRODUCTS_DIR)/MusicNotifier.app/Contents/MacOS/MusicNotifier";
			};
			name = Debug;
		};
		52D8A68926450B9500E65B64 /* Release */ = {
			isa = XCBuildConfiguration;
			buildSettings = {
				ALWAYS_EMBED_SWIFT_STANDARD_LIBRARIES = YES;
				BUNDLE_LOADER = "$(TEST_HOST)";
				CODE_SIGN_STYLE = Automatic;
				COMBINE_HIDPI_IMAGES = YES;
				DEVELOPMENT_TEAM = UVXX33WP85;
				INFOPLIST_FILE = MusicNotifierTests/Info.plist;
				LD_RUNPATH_SEARCH_PATHS = (
					"$(inherited)",
					"@executable_path/../Frameworks",
					"@loader_path/../Frameworks",
				);
				MACOSX_DEPLOYMENT_TARGET = 11.1;
				PRODUCT_BUNDLE_IDENTIFIER = com.bruce32.MusicNotifierTests;
				PRODUCT_NAME = "$(TARGET_NAME)";
				SWIFT_VERSION = 5.0;
				TEST_HOST = "$(BUILT_PRODUCTS_DIR)/MusicNotifier.app/Contents/MacOS/MusicNotifier";
			};
			name = Release;
		};
		52D8A68B26450B9500E65B64 /* Debug */ = {
			isa = XCBuildConfiguration;
			buildSettings = {
				ALWAYS_EMBED_SWIFT_STANDARD_LIBRARIES = YES;
				CODE_SIGN_STYLE = Automatic;
				COMBINE_HIDPI_IMAGES = YES;
				DEVELOPMENT_TEAM = UVXX33WP85;
				INFOPLIST_FILE = MusicNotifierUITests/Info.plist;
				LD_RUNPATH_SEARCH_PATHS = (
					"$(inherited)",
					"@executable_path/../Frameworks",
					"@loader_path/../Frameworks",
				);
				PRODUCT_BUNDLE_IDENTIFIER = com.bruce32.MusicNotifierUITests;
				PRODUCT_NAME = "$(TARGET_NAME)";
				SWIFT_VERSION = 5.0;
				TEST_TARGET_NAME = MusicNotifier;
			};
			name = Debug;
		};
		52D8A68C26450B9500E65B64 /* Release */ = {
			isa = XCBuildConfiguration;
			buildSettings = {
				ALWAYS_EMBED_SWIFT_STANDARD_LIBRARIES = YES;
				CODE_SIGN_STYLE = Automatic;
				COMBINE_HIDPI_IMAGES = YES;
				DEVELOPMENT_TEAM = UVXX33WP85;
				INFOPLIST_FILE = MusicNotifierUITests/Info.plist;
				LD_RUNPATH_SEARCH_PATHS = (
					"$(inherited)",
					"@executable_path/../Frameworks",
					"@loader_path/../Frameworks",
				);
				PRODUCT_BUNDLE_IDENTIFIER = com.bruce32.MusicNotifierUITests;
				PRODUCT_NAME = "$(TARGET_NAME)";
				SWIFT_VERSION = 5.0;
				TEST_TARGET_NAME = MusicNotifier;
			};
			name = Release;
		};
/* End XCBuildConfiguration section */

/* Begin XCConfigurationList section */
		52D8A65926450B9400E65B64 /* Build configuration list for PBXProject "MusicNotifier" */ = {
			isa = XCConfigurationList;
			buildConfigurations = (
				52D8A68226450B9500E65B64 /* Debug */,
				52D8A68326450B9500E65B64 /* Release */,
			);
			defaultConfigurationIsVisible = 0;
			defaultConfigurationName = Release;
		};
		52D8A68426450B9500E65B64 /* Build configuration list for PBXNativeTarget "MusicNotifier" */ = {
			isa = XCConfigurationList;
			buildConfigurations = (
				52D8A68526450B9500E65B64 /* Debug */,
				52D8A68626450B9500E65B64 /* Release */,
			);
			defaultConfigurationIsVisible = 0;
			defaultConfigurationName = Release;
		};
		52D8A68726450B9500E65B64 /* Build configuration list for PBXNativeTarget "MusicNotifierTests" */ = {
			isa = XCConfigurationList;
			buildConfigurations = (
				52D8A68826450B9500E65B64 /* Debug */,
				52D8A68926450B9500E65B64 /* Release */,
			);
			defaultConfigurationIsVisible = 0;
			defaultConfigurationName = Release;
		};
		52D8A68A26450B9500E65B64 /* Build configuration list for PBXNativeTarget "MusicNotifierUITests" */ = {
			isa = XCConfigurationList;
			buildConfigurations = (
				52D8A68B26450B9500E65B64 /* Debug */,
				52D8A68C26450B9500E65B64 /* Release */,
			);
			defaultConfigurationIsVisible = 0;
			defaultConfigurationName = Release;
		};
/* End XCConfigurationList section */
	};
	rootObject = 52D8A65626450B9400E65B64 /* Project object */;
}
